// !$*UTF8*$!
{
	archiveVersion = 1;
	classes = {
	};
	objectVersion = 50;
	objects = {

/* Begin PBXBuildFile section */
		5A51130E20AFBE3B001AA285 /* main.cpp in Sources */ = {isa = PBXBuildFile; fileRef = 5A51130D20AFBE3B001AA285 /* main.cpp */; };
		5A51132920B09222001AA285 /* OpenGL.framework in Frameworks */ = {isa = PBXBuildFile; fileRef = 5A51131B20AFC296001AA285 /* OpenGL.framework */; };
		5A51132A20B09230001AA285 /* Cocoa.framework in Frameworks */ = {isa = PBXBuildFile; fileRef = 5A51131920AFBE8E001AA285 /* Cocoa.framework */; };
		5A51132B20B09234001AA285 /* CoreVideo.framework in Frameworks */ = {isa = PBXBuildFile; fileRef = 5A51131720AFBE86001AA285 /* CoreVideo.framework */; };
		5A51132C20B09237001AA285 /* IOKit.framework in Frameworks */ = {isa = PBXBuildFile; fileRef = 5A51131520AFBE83001AA285 /* IOKit.framework */; };
		5A51133020B09D1F001AA285 /* libglfw.3.2.dylib in Frameworks */ = {isa = PBXBuildFile; fileRef = 5A51132320B06997001AA285 /* libglfw.3.2.dylib */; };
		5A51133320B09F24001AA285 /* VertexObject.cpp in Sources */ = {isa = PBXBuildFile; fileRef = 5A51133120B09F24001AA285 /* VertexObject.cpp */; };
		5A51133620B0A10A001AA285 /* shader_compilation.cpp in Sources */ = {isa = PBXBuildFile; fileRef = 5A51133420B0A10A001AA285 /* shader_compilation.cpp */; };
/* End PBXBuildFile section */

/* Begin PBXCopyFilesBuildPhase section */
		5A51130820AFBE3B001AA285 /* CopyFiles */ = {
			isa = PBXCopyFilesBuildPhase;
			buildActionMask = 2147483647;
			dstPath = /usr/share/man/man1/;
			dstSubfolderSpec = 0;
			files = (
			);
			runOnlyForDeploymentPostprocessing = 1;
		};
/* End PBXCopyFilesBuildPhase section */

/* Begin PBXFileReference section */
		5A51130A20AFBE3B001AA285 /* ShaderFunGLFW_Encapsulated */ = {isa = PBXFileReference; explicitFileType = "compiled.mach-o.executable"; includeInIndex = 0; path = ShaderFunGLFW_Encapsulated; sourceTree = BUILT_PRODUCTS_DIR; };
		5A51130D20AFBE3B001AA285 /* main.cpp */ = {isa = PBXFileReference; lastKnownFileType = sourcecode.cpp.cpp; path = main.cpp; sourceTree = "<group>"; };
		5A51131520AFBE83001AA285 /* IOKit.framework */ = {isa = PBXFileReference; lastKnownFileType = wrapper.framework; name = IOKit.framework; path = System/Library/Frameworks/IOKit.framework; sourceTree = SDKROOT; };
		5A51131720AFBE86001AA285 /* CoreVideo.framework */ = {isa = PBXFileReference; lastKnownFileType = wrapper.framework; name = CoreVideo.framework; path = System/Library/Frameworks/CoreVideo.framework; sourceTree = SDKROOT; };
		5A51131920AFBE8E001AA285 /* Cocoa.framework */ = {isa = PBXFileReference; lastKnownFileType = wrapper.framework; name = Cocoa.framework; path = System/Library/Frameworks/Cocoa.framework; sourceTree = SDKROOT; };
		5A51131B20AFC296001AA285 /* OpenGL.framework */ = {isa = PBXFileReference; lastKnownFileType = wrapper.framework; name = OpenGL.framework; path = System/Library/Frameworks/OpenGL.framework; sourceTree = SDKROOT; };
		5A51131D20AFC2C7001AA285 /* libglfw.3.2.dylib */ = {isa = PBXFileReference; lastKnownFileType = "compiled.mach-o.dylib"; name = libglfw.3.2.dylib; path = "../../glfw-3.2.1/build/src/libglfw.3.2.dylib"; sourceTree = "<group>"; };
		5A51132320B06997001AA285 /* libglfw.3.2.dylib */ = {isa = PBXFileReference; lastKnownFileType = "compiled.mach-o.dylib"; name = libglfw.3.2.dylib; path = ../../../../../usr/local/lib/libglfw.3.2.dylib; sourceTree = "<group>"; };
		5A51132620B07253001AA285 /* glfw3.h */ = {isa = PBXFileReference; lastKnownFileType = sourcecode.c.h; name = glfw3.h; path = "../../glfw-3.2.1/include/GLFW/glfw3.h"; sourceTree = "<group>"; };
		5A51132E20B09CFA001AA285 /* libglfw3.a */ = {isa = PBXFileReference; lastKnownFileType = archive.ar; name = libglfw3.a; path = ../../../../../usr/local/lib/libglfw3.a; sourceTree = "<group>"; };
		5A51133120B09F24001AA285 /* VertexObject.cpp */ = {isa = PBXFileReference; lastKnownFileType = sourcecode.cpp.cpp; path = VertexObject.cpp; sourceTree = "<group>"; };
		5A51133220B09F24001AA285 /* VertexObject.hpp */ = {isa = PBXFileReference; lastKnownFileType = sourcecode.cpp.h; path = VertexObject.hpp; sourceTree = "<group>"; };
		5A51133420B0A10A001AA285 /* shader_compilation.cpp */ = {isa = PBXFileReference; lastKnownFileType = sourcecode.cpp.cpp; path = shader_compilation.cpp; sourceTree = "<group>"; };
		5A51133520B0A10A001AA285 /* shader_compilation.hpp */ = {isa = PBXFileReference; lastKnownFileType = sourcecode.cpp.h; path = shader_compilation.hpp; sourceTree = "<group>"; };
/* End PBXFileReference section */

/* Begin PBXFrameworksBuildPhase section */
		5A51130720AFBE3B001AA285 /* Frameworks */ = {
			isa = PBXFrameworksBuildPhase;
			buildActionMask = 2147483647;
			files = (
				5A51132C20B09237001AA285 /* IOKit.framework in Frameworks */,
				5A51132B20B09234001AA285 /* CoreVideo.framework in Frameworks */,
				5A51132A20B09230001AA285 /* Cocoa.framework in Frameworks */,
				5A51133020B09D1F001AA285 /* libglfw.3.2.dylib in Frameworks */,
				5A51132920B09222001AA285 /* OpenGL.framework in Frameworks */,
			);
			runOnlyForDeploymentPostprocessing = 0;
		};
/* End PBXFrameworksBuildPhase section */

/* Begin PBXGroup section */
		5A51130120AFBE3B001AA285 = {
			isa = PBXGroup;
			children = (
				5A51130C20AFBE3B001AA285 /* ShaderFunGLFW_Encapsulated */,
				5A51130B20AFBE3B001AA285 /* Products */,
				5A51131420AFBE83001AA285 /* Frameworks */,
			);
			sourceTree = "<group>";
		};
		5A51130B20AFBE3B001AA285 /* Products */ = {
			isa = PBXGroup;
			children = (
				5A51130A20AFBE3B001AA285 /* ShaderFunGLFW_Encapsulated */,
			);
			name = Products;
			sourceTree = "<group>";
		};
		5A51130C20AFBE3B001AA285 /* ShaderFunGLFW_Encapsulated */ = {
			isa = PBXGroup;
			children = (
				5A51130D20AFBE3B001AA285 /* main.cpp */,
				5A51133120B09F24001AA285 /* VertexObject.cpp */,
				5A51133220B09F24001AA285 /* VertexObject.hpp */,
				5A51133420B0A10A001AA285 /* shader_compilation.cpp */,
				5A51133520B0A10A001AA285 /* shader_compilation.hpp */,
			);
			path = ShaderFunGLFW_Encapsulated;
			sourceTree = "<group>";
		};
		5A51131420AFBE83001AA285 /* Frameworks */ = {
			isa = PBXGroup;
			children = (
				5A51132E20B09CFA001AA285 /* libglfw3.a */,
				5A51132620B07253001AA285 /* glfw3.h */,
				5A51131D20AFC2C7001AA285 /* libglfw.3.2.dylib */,
				5A51132320B06997001AA285 /* libglfw.3.2.dylib */,
				5A51131B20AFC296001AA285 /* OpenGL.framework */,
				5A51131920AFBE8E001AA285 /* Cocoa.framework */,
				5A51131720AFBE86001AA285 /* CoreVideo.framework */,
				5A51131520AFBE83001AA285 /* IOKit.framework */,
			);
			name = Frameworks;
			sourceTree = "<group>";
		};
/* End PBXGroup section */

/* Begin PBXNativeTarget section */
		5A51130920AFBE3B001AA285 /* ShaderFunGLFW_Encapsulated */ = {
			isa = PBXNativeTarget;
			buildConfigurationList = 5A51131120AFBE3B001AA285 /* Build configuration list for PBXNativeTarget "ShaderFunGLFW_Encapsulated" */;
			buildPhases = (
				5A51130620AFBE3B001AA285 /* Sources */,
				5A51130720AFBE3B001AA285 /* Frameworks */,
				5A51130820AFBE3B001AA285 /* CopyFiles */,
			);
			buildRules = (
			);
			dependencies = (
			);
			name = ShaderFunGLFW_Encapsulated;
			productName = ShaderFunGLFW_Encapsulated;
			productReference = 5A51130A20AFBE3B001AA285 /* ShaderFunGLFW_Encapsulated */;
			productType = "com.apple.product-type.tool";
		};
/* End PBXNativeTarget section */

/* Begin PBXProject section */
		5A51130220AFBE3B001AA285 /* Project object */ = {
			isa = PBXProject;
			attributes = {
				LastUpgradeCheck = 0930;
				ORGANIZATIONNAME = "Jack Armstrong";
				TargetAttributes = {
					5A51130920AFBE3B001AA285 = {
						CreatedOnToolsVersion = 9.3;
					};
				};
			};
			buildConfigurationList = 5A51130520AFBE3B001AA285 /* Build configuration list for PBXProject "ShaderFunGLFW_Encapsulated" */;
			compatibilityVersion = "Xcode 9.3";
			developmentRegion = en;
			hasScannedForEncodings = 0;
			knownRegions = (
				en,
			);
			mainGroup = 5A51130120AFBE3B001AA285;
			productRefGroup = 5A51130B20AFBE3B001AA285 /* Products */;
			projectDirPath = "";
			projectRoot = "";
			targets = (
				5A51130920AFBE3B001AA285 /* ShaderFunGLFW_Encapsulated */,
			);
		};
/* End PBXProject section */

/* Begin PBXSourcesBuildPhase section */
		5A51130620AFBE3B001AA285 /* Sources */ = {
			isa = PBXSourcesBuildPhase;
			buildActionMask = 2147483647;
			files = (
				5A51133320B09F24001AA285 /* VertexObject.cpp in Sources */,
				5A51130E20AFBE3B001AA285 /* main.cpp in Sources */,
				5A51133620B0A10A001AA285 /* shader_compilation.cpp in Sources */,
			);
			runOnlyForDeploymentPostprocessing = 0;
		};
/* End PBXSourcesBuildPhase section */

/* Begin XCBuildConfiguration section */
		5A51130F20AFBE3B001AA285 /* Debug */ = {
			isa = XCBuildConfiguration;
			buildSettings = {
				ALWAYS_SEARCH_USER_PATHS = NO;
				CLANG_ANALYZER_NONNULL = YES;
				CLANG_ANALYZER_NUMBER_OBJECT_CONVERSION = YES_AGGRESSIVE;
				CLANG_CXX_LANGUAGE_STANDARD = "gnu++14";
				CLANG_CXX_LIBRARY = "libc++";
				CLANG_ENABLE_MODULES = YES;
				CLANG_ENABLE_OBJC_ARC = YES;
				CLANG_ENABLE_OBJC_WEAK = YES;
				CLANG_WARN_BLOCK_CAPTURE_AUTORELEASING = YES;
				CLANG_WARN_BOOL_CONVERSION = YES;
				CLANG_WARN_COMMA = YES;
				CLANG_WARN_CONSTANT_CONVERSION = YES;
				CLANG_WARN_DEPRECATED_OBJC_IMPLEMENTATIONS = YES;
				CLANG_WARN_DIRECT_OBJC_ISA_USAGE = YES_ERROR;
				CLANG_WARN_DOCUMENTATION_COMMENTS = YES;
				CLANG_WARN_EMPTY_BODY = YES;
				CLANG_WARN_ENUM_CONVERSION = YES;
				CLANG_WARN_INFINITE_RECURSION = YES;
				CLANG_WARN_INT_CONVERSION = YES;
				CLANG_WARN_NON_LITERAL_NULL_CONVERSION = YES;
				CLANG_WARN_OBJC_IMPLICIT_RETAIN_SELF = YES;
				CLANG_WARN_OBJC_LITERAL_CONVERSION = YES;
				CLANG_WARN_OBJC_ROOT_CLASS = YES_ERROR;
				CLANG_WARN_RANGE_LOOP_ANALYSIS = YES;
				CLANG_WARN_STRICT_PROTOTYPES = YES;
				CLANG_WARN_SUSPICIOUS_MOVE = YES;
				CLANG_WARN_UNGUARDED_AVAILABILITY = YES_AGGRESSIVE;
				CLANG_WARN_UNREACHABLE_CODE = YES;
				CLANG_WARN__DUPLICATE_METHOD_MATCH = YES;
				CODE_SIGN_IDENTITY = "-";
				COPY_PHASE_STRIP = NO;
				DEBUG_INFORMATION_FORMAT = dwarf;
				ENABLE_STRICT_OBJC_MSGSEND = YES;
				ENABLE_TESTABILITY = YES;
				GCC_C_LANGUAGE_STANDARD = gnu11;
				GCC_DYNAMIC_NO_PIC = NO;
				GCC_NO_COMMON_BLOCKS = YES;
				GCC_OPTIMIZATION_LEVEL = 0;
				GCC_PREPROCESSOR_DEFINITIONS = (
					"DEBUG=1",
					"$(inherited)",
				);
				GCC_WARN_64_TO_32_BIT_CONVERSION = YES;
				GCC_WARN_ABOUT_RETURN_TYPE = YES_ERROR;
				GCC_WARN_UNDECLARED_SELECTOR = YES;
				GCC_WARN_UNINITIALIZED_AUTOS = YES_AGGRESSIVE;
				GCC_WARN_UNUSED_FUNCTION = YES;
				GCC_WARN_UNUSED_VARIABLE = YES;
				MACOSX_DEPLOYMENT_TARGET = 10.13;
				MTL_ENABLE_DEBUG_INFO = YES;
				ONLY_ACTIVE_ARCH = YES;
				SDKROOT = macosx;
			};
			name = Debug;
		};
		5A51131020AFBE3B001AA285 /* Release */ = {
			isa = XCBuildConfiguration;
			buildSettings = {
				ALWAYS_SEARCH_USER_PATHS = NO;
				CLANG_ANALYZER_NONNULL = YES;
				CLANG_ANALYZER_NUMBER_OBJECT_CONVERSION = YES_AGGRESSIVE;
				CLANG_CXX_LANGUAGE_STANDARD = "gnu++14";
				CLANG_CXX_LIBRARY = "libc++";
				CLANG_ENABLE_MODULES = YES;
				CLANG_ENABLE_OBJC_ARC = YES;
				CLANG_ENABLE_OBJC_WEAK = YES;
				CLANG_WARN_BLOCK_CAPTURE_AUTORELEASING = YES;
				CLANG_WARN_BOOL_CONVERSION = YES;
				CLANG_WARN_COMMA = YES;
				CLANG_WARN_CONSTANT_CONVERSION = YES;
				CLANG_WARN_DEPRECATED_OBJC_IMPLEMENTATIONS = YES;
				CLANG_WARN_DIRECT_OBJC_ISA_USAGE = YES_ERROR;
				CLANG_WARN_DOCUMENTATION_COMMENTS = YES;
				CLANG_WARN_EMPTY_BODY = YES;
				CLANG_WARN_ENUM_CONVERSION = YES;
				CLANG_WARN_INFINITE_RECURSION = YES;
				CLANG_WARN_INT_CONVERSION = YES;
				CLANG_WARN_NON_LITERAL_NULL_CONVERSION = YES;
				CLANG_WARN_OBJC_IMPLICIT_RETAIN_SELF = YES;
				CLANG_WARN_OBJC_LITERAL_CONVERSION = YES;
				CLANG_WARN_OBJC_ROOT_CLASS = YES_ERROR;
				CLANG_WARN_RANGE_LOOP_ANALYSIS = YES;
				CLANG_WARN_STRICT_PROTOTYPES = YES;
				CLANG_WARN_SUSPICIOUS_MOVE = YES;
				CLANG_WARN_UNGUARDED_AVAILABILITY = YES_AGGRESSIVE;
				CLANG_WARN_UNREACHABLE_CODE = YES;
				CLANG_WARN__DUPLICATE_METHOD_MATCH = YES;
				CODE_SIGN_IDENTITY = "-";
				COPY_PHASE_STRIP = NO;
				DEBUG_INFORMATION_FORMAT = "dwarf-with-dsym";
				ENABLE_NS_ASSERTIONS = NO;
				ENABLE_STRICT_OBJC_MSGSEND = YES;
				GCC_C_LANGUAGE_STANDARD = gnu11;
				GCC_NO_COMMON_BLOCKS = YES;
				GCC_WARN_64_TO_32_BIT_CONVERSION = YES;
				GCC_WARN_ABOUT_RETURN_TYPE = YES_ERROR;
				GCC_WARN_UNDECLARED_SELECTOR = YES;
				GCC_WARN_UNINITIALIZED_AUTOS = YES_AGGRESSIVE;
				GCC_WARN_UNUSED_FUNCTION = YES;
				GCC_WARN_UNUSED_VARIABLE = YES;
				MACOSX_DEPLOYMENT_TARGET = 10.13;
				MTL_ENABLE_DEBUG_INFO = NO;
				SDKROOT = macosx;
			};
			name = Release;
		};
		5A51131220AFBE3B001AA285 /* Debug */ = {
			isa = XCBuildConfiguration;
			buildSettings = {
				CODE_SIGN_STYLE = Automatic;
				HEADER_SEARCH_PATHS = "/usr/local/Cellar/glfw/3.2.1/include/**";
				LIBRARY_SEARCH_PATHS = "/usr/local/Cellar/glfw/3.2.1/lib/**";
				PRODUCT_NAME = "$(TARGET_NAME)";
			};
			name = Debug;
		};
		5A51131320AFBE3B001AA285 /* Release */ = {
			isa = XCBuildConfiguration;
			buildSettings = {
				CODE_SIGN_STYLE = Automatic;
				HEADER_SEARCH_PATHS = "/usr/local/Cellar/glfw/3.2.1/include/**";
				LIBRARY_SEARCH_PATHS = "/usr/local/Cellar/glfw/3.2.1/lib/**";
				PRODUCT_NAME = "$(TARGET_NAME)";
			};
			name = Release;
		};
/* End XCBuildConfiguration section */

/* Begin XCConfigurationList section */
		5A51130520AFBE3B001AA285 /* Build configuration list for PBXProject "ShaderFunGLFW_Encapsulated" */ = {
			isa = XCConfigurationList;
			buildConfigurations = (
				5A51130F20AFBE3B001AA285 /* Debug */,
				5A51131020AFBE3B001AA285 /* Release */,
			);
			defaultConfigurationIsVisible = 0;
			defaultConfigurationName = Release;
		};
		5A51131120AFBE3B001AA285 /* Build configuration list for PBXNativeTarget "ShaderFunGLFW_Encapsulated" */ = {
			isa = XCConfigurationList;
			buildConfigurations = (
				5A51131220AFBE3B001AA285 /* Debug */,
				5A51131320AFBE3B001AA285 /* Release */,
			);
			defaultConfigurationIsVisible = 0;
			defaultConfigurationName = Release;
		};
/* End XCConfigurationList section */
	};
	rootObject = 5A51130220AFBE3B001AA285 /* Project object */;
}
