// !$*UTF8*$!
{
	archiveVersion = 1;
	classes = {
	};
	objectVersion = 50;
	objects = {

/* Begin PBXBuildFile section */
		5A51146C20B31444001AA285 /* main.cpp in Sources */ = {isa = PBXBuildFile; fileRef = 5A51146B20B31444001AA285 /* main.cpp */; };
		5A51147F20B3367B001AA285 /* sfml-audio.framework in Frameworks */ = {isa = PBXBuildFile; fileRef = 5A51147720B31513001AA285 /* sfml-audio.framework */; };
/* End PBXBuildFile section */

/* Begin PBXCopyFilesBuildPhase section */
		5A51146620B31444001AA285 /* CopyFiles */ = {
			isa = PBXCopyFilesBuildPhase;
			buildActionMask = 2147483647;
			dstPath = /usr/share/man/man1/;
			dstSubfolderSpec = 0;
			files = (
			);
			runOnlyForDeploymentPostprocessing = 1;
		};
/* End PBXCopyFilesBuildPhase section */

/* Begin PBXFileReference section */
		5A51146820B31444001AA285 /* SFMLBoids */ = {isa = PBXFileReference; explicitFileType = "compiled.mach-o.executable"; includeInIndex = 0; path = SFMLBoids; sourceTree = BUILT_PRODUCTS_DIR; };
		5A51146B20B31444001AA285 /* main.cpp */ = {isa = PBXFileReference; lastKnownFileType = sourcecode.cpp.cpp; path = main.cpp; sourceTree = "<group>"; };
		5A51147320B31513001AA285 /* sfml-system.framework */ = {isa = PBXFileReference; lastKnownFileType = wrapper.framework; name = "sfml-system.framework"; path = "../../../Downloads/SFML-2.5.0-macOS-clang/Frameworks/sfml-system.framework"; sourceTree = "<group>"; };
		5A51147420B31513001AA285 /* sfml-graphics.framework */ = {isa = PBXFileReference; lastKnownFileType = wrapper.framework; name = "sfml-graphics.framework"; path = "../../../Downloads/SFML-2.5.0-macOS-clang/Frameworks/sfml-graphics.framework"; sourceTree = "<group>"; };
		5A51147520B31513001AA285 /* sfml-window.framework */ = {isa = PBXFileReference; lastKnownFileType = wrapper.framework; name = "sfml-window.framework"; path = "../../../Downloads/SFML-2.5.0-macOS-clang/Frameworks/sfml-window.framework"; sourceTree = "<group>"; };
		5A51147620B31513001AA285 /* sfml-network.framework */ = {isa = PBXFileReference; lastKnownFileType = wrapper.framework; name = "sfml-network.framework"; path = "../../../Downloads/SFML-2.5.0-macOS-clang/Frameworks/sfml-network.framework"; sourceTree = "<group>"; };
		5A51147720B31513001AA285 /* sfml-audio.framework */ = {isa = PBXFileReference; lastKnownFileType = wrapper.framework; name = "sfml-audio.framework"; path = "../../../Downloads/SFML-2.5.0-macOS-clang/Frameworks/sfml-audio.framework"; sourceTree = "<group>"; };
		5A51147D20B33668001AA285 /* SFML.framework */ = {isa = PBXFileReference; lastKnownFileType = wrapper.framework; name = SFML.framework; path = "../../../Downloads/SFML-2.5.0-macOS-clang/Frameworks/SFML.framework"; sourceTree = "<group>"; };
/* End PBXFileReference section */

/* Begin PBXFrameworksBuildPhase section */
		5A51146520B31444001AA285 /* Frameworks */ = {
			isa = PBXFrameworksBuildPhase;
			buildActionMask = 2147483647;
			files = (
				5A51147F20B3367B001AA285 /* sfml-audio.framework in Frameworks */,
			);
			runOnlyForDeploymentPostprocessing = 0;
		};
/* End PBXFrameworksBuildPhase section */

/* Begin PBXGroup section */
		5A51145F20B31444001AA285 = {
			isa = PBXGroup;
			children = (
				5A51146A20B31444001AA285 /* SFMLBoids */,
				5A51146920B31444001AA285 /* Products */,
				5A51147220B31513001AA285 /* Frameworks */,
			);
			sourceTree = "<group>";
		};
		5A51146920B31444001AA285 /* Products */ = {
			isa = PBXGroup;
			children = (
				5A51146820B31444001AA285 /* SFMLBoids */,
			);
			name = Products;
			sourceTree = "<group>";
		};
		5A51146A20B31444001AA285 /* SFMLBoids */ = {
			isa = PBXGroup;
			children = (
				5A51146B20B31444001AA285 /* main.cpp */,
			);
			path = SFMLBoids;
			sourceTree = "<group>";
		};
		5A51147220B31513001AA285 /* Frameworks */ = {
			isa = PBXGroup;
			children = (
				5A51147D20B33668001AA285 /* SFML.framework */,
				5A51147720B31513001AA285 /* sfml-audio.framework */,
				5A51147420B31513001AA285 /* sfml-graphics.framework */,
				5A51147620B31513001AA285 /* sfml-network.framework */,
				5A51147320B31513001AA285 /* sfml-system.framework */,
				5A51147520B31513001AA285 /* sfml-window.framework */,
			);
			name = Frameworks;
			sourceTree = "<group>";
		};
/* End PBXGroup section */

/* Begin PBXNativeTarget section */
		5A51146720B31444001AA285 /* SFMLBoids */ = {
			isa = PBXNativeTarget;
			buildConfigurationList = 5A51146F20B31444001AA285 /* Build configuration list for PBXNativeTarget "SFMLBoids" */;
			buildPhases = (
				5A51146420B31444001AA285 /* Sources */,
				5A51146520B31444001AA285 /* Frameworks */,
				5A51146620B31444001AA285 /* CopyFiles */,
			);
			buildRules = (
			);
			dependencies = (
			);
			name = SFMLBoids;
			productName = SFMLBoids;
			productReference = 5A51146820B31444001AA285 /* SFMLBoids */;
			productType = "com.apple.product-type.tool";
		};
/* End PBXNativeTarget section */

/* Begin PBXProject section */
		5A51146020B31444001AA285 /* Project object */ = {
			isa = PBXProject;
			attributes = {
				LastUpgradeCheck = 0930;
				ORGANIZATIONNAME = "Jack Armstrong";
				TargetAttributes = {
					5A51146720B31444001AA285 = {
						CreatedOnToolsVersion = 9.3;
					};
				};
			};
			buildConfigurationList = 5A51146320B31444001AA285 /* Build configuration list for PBXProject "SFMLBoids" */;
			compatibilityVersion = "Xcode 9.3";
			developmentRegion = en;
			hasScannedForEncodings = 0;
			knownRegions = (
				en,
			);
			mainGroup = 5A51145F20B31444001AA285;
			productRefGroup = 5A51146920B31444001AA285 /* Products */;
			projectDirPath = "";
			projectRoot = "";
			targets = (
				5A51146720B31444001AA285 /* SFMLBoids */,
			);
		};
/* End PBXProject section */

/* Begin PBXSourcesBuildPhase section */
		5A51146420B31444001AA285 /* Sources */ = {
			isa = PBXSourcesBuildPhase;
			buildActionMask = 2147483647;
			files = (
				5A51146C20B31444001AA285 /* main.cpp in Sources */,
			);
			runOnlyForDeploymentPostprocessing = 0;
		};
/* End PBXSourcesBuildPhase section */

/* Begin XCBuildConfiguration section */
		5A51146D20B31444001AA285 /* Debug */ = {
			isa = XCBuildConfiguration;
			buildSettings = {
				ALWAYS_SEARCH_USER_PATHS = NO;
				CLANG_ANALYZER_NONNULL = YES;
				CLANG_ANALYZER_NUMBER_OBJECT_CONVERSION = YES_AGGRESSIVE;
				CLANG_CXX_LANGUAGE_STANDARD = "gnu++14";
				CLANG_CXX_LIBRARY = "libc++";
				CLANG_ENABLE_MODULES = YES;
				CLANG_ENABLE_OBJC_ARC = YES;
				CLANG_ENABLE_OBJC_WEAK = YES;
				CLANG_WARN_BLOCK_CAPTURE_AUTORELEASING = YES;
				CLANG_WARN_BOOL_CONVERSION = YES;
				CLANG_WARN_COMMA = YES;
				CLANG_WARN_CONSTANT_CONVERSION = YES;
				CLANG_WARN_DEPRECATED_OBJC_IMPLEMENTATIONS = YES;
				CLANG_WARN_DIRECT_OBJC_ISA_USAGE = YES_ERROR;
				CLANG_WARN_DOCUMENTATION_COMMENTS = YES;
				CLANG_WARN_EMPTY_BODY = YES;
				CLANG_WARN_ENUM_CONVERSION = YES;
				CLANG_WARN_INFINITE_RECURSION = YES;
				CLANG_WARN_INT_CONVERSION = YES;
				CLANG_WARN_NON_LITERAL_NULL_CONVERSION = YES;
				CLANG_WARN_OBJC_IMPLICIT_RETAIN_SELF = YES;
				CLANG_WARN_OBJC_LITERAL_CONVERSION = YES;
				CLANG_WARN_OBJC_ROOT_CLASS = YES_ERROR;
				CLANG_WARN_RANGE_LOOP_ANALYSIS = YES;
				CLANG_WARN_STRICT_PROTOTYPES = YES;
				CLANG_WARN_SUSPICIOUS_MOVE = YES;
				CLANG_WARN_UNGUARDED_AVAILABILITY = YES_AGGRESSIVE;
				CLANG_WARN_UNREACHABLE_CODE = YES;
				CLANG_WARN__DUPLICATE_METHOD_MATCH = YES;
				CODE_SIGN_IDENTITY = "-";
				COPY_PHASE_STRIP = NO;
				DEBUG_INFORMATION_FORMAT = dwarf;
				ENABLE_STRICT_OBJC_MSGSEND = YES;
				ENABLE_TESTABILITY = YES;
				GCC_C_LANGUAGE_STANDARD = gnu11;
				GCC_DYNAMIC_NO_PIC = NO;
				GCC_NO_COMMON_BLOCKS = YES;
				GCC_OPTIMIZATION_LEVEL = 0;
				GCC_PREPROCESSOR_DEFINITIONS = (
					"DEBUG=1",
					"$(inherited)",
				);
				GCC_WARN_64_TO_32_BIT_CONVERSION = YES;
				GCC_WARN_ABOUT_RETURN_TYPE = YES_ERROR;
				GCC_WARN_UNDECLARED_SELECTOR = YES;
				GCC_WARN_UNINITIALIZED_AUTOS = YES_AGGRESSIVE;
				GCC_WARN_UNUSED_FUNCTION = YES;
				GCC_WARN_UNUSED_VARIABLE = YES;
				MACOSX_DEPLOYMENT_TARGET = 10.13;
				MTL_ENABLE_DEBUG_INFO = YES;
				ONLY_ACTIVE_ARCH = YES;
				SDKROOT = macosx;
			};
			name = Debug;
		};
		5A51146E20B31444001AA285 /* Release */ = {
			isa = XCBuildConfiguration;
			buildSettings = {
				ALWAYS_SEARCH_USER_PATHS = NO;
				CLANG_ANALYZER_NONNULL = YES;
				CLANG_ANALYZER_NUMBER_OBJECT_CONVERSION = YES_AGGRESSIVE;
				CLANG_CXX_LANGUAGE_STANDARD = "gnu++14";
				CLANG_CXX_LIBRARY = "libc++";
				CLANG_ENABLE_MODULES = YES;
				CLANG_ENABLE_OBJC_ARC = YES;
				CLANG_ENABLE_OBJC_WEAK = YES;
				CLANG_WARN_BLOCK_CAPTURE_AUTORELEASING = YES;
				CLANG_WARN_BOOL_CONVERSION = YES;
				CLANG_WARN_COMMA = YES;
				CLANG_WARN_CONSTANT_CONVERSION = YES;
				CLANG_WARN_DEPRECATED_OBJC_IMPLEMENTATIONS = YES;
				CLANG_WARN_DIRECT_OBJC_ISA_USAGE = YES_ERROR;
				CLANG_WARN_DOCUMENTATION_COMMENTS = YES;
				CLANG_WARN_EMPTY_BODY = YES;
				CLANG_WARN_ENUM_CONVERSION = YES;
				CLANG_WARN_INFINITE_RECURSION = YES;
				CLANG_WARN_INT_CONVERSION = YES;
				CLANG_WARN_NON_LITERAL_NULL_CONVERSION = YES;
				CLANG_WARN_OBJC_IMPLICIT_RETAIN_SELF = YES;
				CLANG_WARN_OBJC_LITERAL_CONVERSION = YES;
				CLANG_WARN_OBJC_ROOT_CLASS = YES_ERROR;
				CLANG_WARN_RANGE_LOOP_ANALYSIS = YES;
				CLANG_WARN_STRICT_PROTOTYPES = YES;
				CLANG_WARN_SUSPICIOUS_MOVE = YES;
				CLANG_WARN_UNGUARDED_AVAILABILITY = YES_AGGRESSIVE;
				CLANG_WARN_UNREACHABLE_CODE = YES;
				CLANG_WARN__DUPLICATE_METHOD_MATCH = YES;
				CODE_SIGN_IDENTITY = "-";
				COPY_PHASE_STRIP = NO;
				DEBUG_INFORMATION_FORMAT = "dwarf-with-dsym";
				ENABLE_NS_ASSERTIONS = NO;
				ENABLE_STRICT_OBJC_MSGSEND = YES;
				GCC_C_LANGUAGE_STANDARD = gnu11;
				GCC_NO_COMMON_BLOCKS = YES;
				GCC_WARN_64_TO_32_BIT_CONVERSION = YES;
				GCC_WARN_ABOUT_RETURN_TYPE = YES_ERROR;
				GCC_WARN_UNDECLARED_SELECTOR = YES;
				GCC_WARN_UNINITIALIZED_AUTOS = YES_AGGRESSIVE;
				GCC_WARN_UNUSED_FUNCTION = YES;
				GCC_WARN_UNUSED_VARIABLE = YES;
				MACOSX_DEPLOYMENT_TARGET = 10.13;
				MTL_ENABLE_DEBUG_INFO = NO;
				SDKROOT = macosx;
			};
			name = Release;
		};
		5A51147020B31444001AA285 /* Debug */ = {
			isa = XCBuildConfiguration;
			buildSettings = {
				CODE_SIGN_STYLE = Automatic;
				HEADER_SEARCH_PATHS = "/Users/jackarmstrong/Downloads/SFML-2.5.0-macOS-clang/include/**";
				LIBRARY_SEARCH_PATHS = "/Users/jackarmstrong/Downloads/SFML-2.5.0-macOS-clang/lib/**";
				PRODUCT_NAME = "$(TARGET_NAME)";
			};
			name = Debug;
		};
		5A51147120B31444001AA285 /* Release */ = {
			isa = XCBuildConfiguration;
			buildSettings = {
				CODE_SIGN_STYLE = Automatic;
				HEADER_SEARCH_PATHS = "/Users/jackarmstrong/Downloads/SFML-2.5.0-macOS-clang/include/**";
				LIBRARY_SEARCH_PATHS = "/Users/jackarmstrong/Downloads/SFML-2.5.0-macOS-clang/lib/**";
				PRODUCT_NAME = "$(TARGET_NAME)";
			};
			name = Release;
		};
/* End XCBuildConfiguration section */

/* Begin XCConfigurationList section */
		5A51146320B31444001AA285 /* Build configuration list for PBXProject "SFMLBoids" */ = {
			isa = XCConfigurationList;
			buildConfigurations = (
				5A51146D20B31444001AA285 /* Debug */,
				5A51146E20B31444001AA285 /* Release */,
			);
			defaultConfigurationIsVisible = 0;
			defaultConfigurationName = Release;
		};
		5A51146F20B31444001AA285 /* Build configuration list for PBXNativeTarget "SFMLBoids" */ = {
			isa = XCConfigurationList;
			buildConfigurations = (
				5A51147020B31444001AA285 /* Debug */,
				5A51147120B31444001AA285 /* Release */,
			);
			defaultConfigurationIsVisible = 0;
			defaultConfigurationName = Release;
		};
/* End XCConfigurationList section */
	};
	rootObject = 5A51146020B31444001AA285 /* Project object */;
}
