// !$*UTF8*$!
{
	archiveVersion = 1;
	classes = {
	};
	objectVersion = 50;
	objects = {

/* Begin PBXBuildFile section */
		5ABD394B211894D1000BAF63 /* main.cpp in Sources */ = {isa = PBXBuildFile; fileRef = 5ABD394A211894D1000BAF63 /* main.cpp */; };
		5ABD3955211894F0000BAF63 /* GLUT.framework in Frameworks */ = {isa = PBXBuildFile; fileRef = 5ABD3954211894F0000BAF63 /* GLUT.framework */; };
		5ABD3957211894F3000BAF63 /* OpenGL.framework in Frameworks */ = {isa = PBXBuildFile; fileRef = 5ABD3956211894F3000BAF63 /* OpenGL.framework */; };
		5ABD3959211894F7000BAF63 /* OpenCL.framework in Frameworks */ = {isa = PBXBuildFile; fileRef = 5ABD3958211894F7000BAF63 /* OpenCL.framework */; };
		5ABD395B211896D4000BAF63 /* stablefluids.cl in Sources */ = {isa = PBXBuildFile; fileRef = 5ABD395A211896D4000BAF63 /* stablefluids.cl */; };
/* End PBXBuildFile section */

/* Begin PBXCopyFilesBuildPhase section */
		5ABD3945211894D1000BAF63 /* CopyFiles */ = {
			isa = PBXCopyFilesBuildPhase;
			buildActionMask = 2147483647;
			dstPath = /usr/share/man/man1/;
			dstSubfolderSpec = 0;
			files = (
			);
			runOnlyForDeploymentPostprocessing = 1;
		};
/* End PBXCopyFilesBuildPhase section */

/* Begin PBXFileReference section */
		5ABD3947211894D1000BAF63 /* ChlorineStableFluids */ = {isa = PBXFileReference; explicitFileType = "compiled.mach-o.executable"; includeInIndex = 0; path = ChlorineStableFluids; sourceTree = BUILT_PRODUCTS_DIR; };
		5ABD394A211894D1000BAF63 /* main.cpp */ = {isa = PBXFileReference; lastKnownFileType = sourcecode.cpp.cpp; path = main.cpp; sourceTree = "<group>"; };
		5ABD3951211894E7000BAF63 /* chlorine.hpp */ = {isa = PBXFileReference; fileEncoding = 4; lastKnownFileType = sourcecode.cpp.h; path = chlorine.hpp; sourceTree = "<group>"; };
		5ABD3952211894E7000BAF63 /* cl.hpp */ = {isa = PBXFileReference; fileEncoding = 4; lastKnownFileType = sourcecode.cpp.h; path = cl.hpp; sourceTree = "<group>"; };
		5ABD3954211894F0000BAF63 /* GLUT.framework */ = {isa = PBXFileReference; lastKnownFileType = wrapper.framework; name = GLUT.framework; path = System/Library/Frameworks/GLUT.framework; sourceTree = SDKROOT; };
		5ABD3956211894F3000BAF63 /* OpenGL.framework */ = {isa = PBXFileReference; lastKnownFileType = wrapper.framework; name = OpenGL.framework; path = System/Library/Frameworks/OpenGL.framework; sourceTree = SDKROOT; };
		5ABD3958211894F7000BAF63 /* OpenCL.framework */ = {isa = PBXFileReference; lastKnownFileType = wrapper.framework; name = OpenCL.framework; path = System/Library/Frameworks/OpenCL.framework; sourceTree = SDKROOT; };
		5ABD395A211896D4000BAF63 /* stablefluids.cl */ = {isa = PBXFileReference; lastKnownFileType = sourcecode.opencl; path = stablefluids.cl; sourceTree = "<group>"; };
/* End PBXFileReference section */

/* Begin PBXFrameworksBuildPhase section */
		5ABD3944211894D1000BAF63 /* Frameworks */ = {
			isa = PBXFrameworksBuildPhase;
			buildActionMask = 2147483647;
			files = (
				5ABD3955211894F0000BAF63 /* GLUT.framework in Frameworks */,
				5ABD3957211894F3000BAF63 /* OpenGL.framework in Frameworks */,
				5ABD3959211894F7000BAF63 /* OpenCL.framework in Frameworks */,
			);
			runOnlyForDeploymentPostprocessing = 0;
		};
/* End PBXFrameworksBuildPhase section */

/* Begin PBXGroup section */
		5ABD393E211894D1000BAF63 = {
			isa = PBXGroup;
			children = (
				5ABD3949211894D1000BAF63 /* ChlorineStableFluids */,
				5ABD3948211894D1000BAF63 /* Products */,
				5ABD3953211894EF000BAF63 /* Frameworks */,
			);
			sourceTree = "<group>";
		};
		5ABD3948211894D1000BAF63 /* Products */ = {
			isa = PBXGroup;
			children = (
				5ABD3947211894D1000BAF63 /* ChlorineStableFluids */,
			);
			name = Products;
			sourceTree = "<group>";
		};
		5ABD3949211894D1000BAF63 /* ChlorineStableFluids */ = {
			isa = PBXGroup;
			children = (
				5ABD3951211894E7000BAF63 /* chlorine.hpp */,
				5ABD3952211894E7000BAF63 /* cl.hpp */,
				5ABD394A211894D1000BAF63 /* main.cpp */,
				5ABD395A211896D4000BAF63 /* stablefluids.cl */,
			);
			path = ChlorineStableFluids;
			sourceTree = "<group>";
		};
		5ABD3953211894EF000BAF63 /* Frameworks */ = {
			isa = PBXGroup;
			children = (
				5ABD3958211894F7000BAF63 /* OpenCL.framework */,
				5ABD3956211894F3000BAF63 /* OpenGL.framework */,
				5ABD3954211894F0000BAF63 /* GLUT.framework */,
			);
			name = Frameworks;
			sourceTree = "<group>";
		};
/* End PBXGroup section */

/* Begin PBXNativeTarget section */
		5ABD3946211894D1000BAF63 /* ChlorineStableFluids */ = {
			isa = PBXNativeTarget;
			buildConfigurationList = 5ABD394E211894D1000BAF63 /* Build configuration list for PBXNativeTarget "ChlorineStableFluids" */;
			buildPhases = (
				5ABD3943211894D1000BAF63 /* Sources */,
				5ABD3944211894D1000BAF63 /* Frameworks */,
				5ABD3945211894D1000BAF63 /* CopyFiles */,
			);
			buildRules = (
			);
			dependencies = (
			);
			name = ChlorineStableFluids;
			productName = ChlorineStableFluids;
			productReference = 5ABD3947211894D1000BAF63 /* ChlorineStableFluids */;
			productType = "com.apple.product-type.tool";
		};
/* End PBXNativeTarget section */

/* Begin PBXProject section */
		5ABD393F211894D1000BAF63 /* Project object */ = {
			isa = PBXProject;
			attributes = {
				LastUpgradeCheck = 0930;
				ORGANIZATIONNAME = "Jack Armstrong";
				TargetAttributes = {
					5ABD3946211894D1000BAF63 = {
						CreatedOnToolsVersion = 9.3;
					};
				};
			};
			buildConfigurationList = 5ABD3942211894D1000BAF63 /* Build configuration list for PBXProject "ChlorineStableFluids" */;
			compatibilityVersion = "Xcode 9.3";
			developmentRegion = en;
			hasScannedForEncodings = 0;
			knownRegions = (
				en,
			);
			mainGroup = 5ABD393E211894D1000BAF63;
			productRefGroup = 5ABD3948211894D1000BAF63 /* Products */;
			projectDirPath = "";
			projectRoot = "";
			targets = (
				5ABD3946211894D1000BAF63 /* ChlorineStableFluids */,
			);
		};
/* End PBXProject section */

/* Begin PBXSourcesBuildPhase section */
		5ABD3943211894D1000BAF63 /* Sources */ = {
			isa = PBXSourcesBuildPhase;
			buildActionMask = 2147483647;
			files = (
				5ABD395B211896D4000BAF63 /* stablefluids.cl in Sources */,
				5ABD394B211894D1000BAF63 /* main.cpp in Sources */,
			);
			runOnlyForDeploymentPostprocessing = 0;
		};
/* End PBXSourcesBuildPhase section */

/* Begin XCBuildConfiguration section */
		5ABD394C211894D1000BAF63 /* Debug */ = {
			isa = XCBuildConfiguration;
			buildSettings = {
				ALWAYS_SEARCH_USER_PATHS = NO;
				CLANG_ANALYZER_NONNULL = YES;
				CLANG_ANALYZER_NUMBER_OBJECT_CONVERSION = YES_AGGRESSIVE;
				CLANG_CXX_LANGUAGE_STANDARD = "gnu++14";
				CLANG_CXX_LIBRARY = "libc++";
				CLANG_ENABLE_MODULES = YES;
				CLANG_ENABLE_OBJC_ARC = YES;
				CLANG_ENABLE_OBJC_WEAK = YES;
				CLANG_WARN_BLOCK_CAPTURE_AUTORELEASING = YES;
				CLANG_WARN_BOOL_CONVERSION = YES;
				CLANG_WARN_COMMA = YES;
				CLANG_WARN_CONSTANT_CONVERSION = YES;
				CLANG_WARN_DEPRECATED_OBJC_IMPLEMENTATIONS = YES;
				CLANG_WARN_DIRECT_OBJC_ISA_USAGE = YES_ERROR;
				CLANG_WARN_DOCUMENTATION_COMMENTS = YES;
				CLANG_WARN_EMPTY_BODY = YES;
				CLANG_WARN_ENUM_CONVERSION = YES;
				CLANG_WARN_INFINITE_RECURSION = YES;
				CLANG_WARN_INT_CONVERSION = YES;
				CLANG_WARN_NON_LITERAL_NULL_CONVERSION = YES;
				CLANG_WARN_OBJC_IMPLICIT_RETAIN_SELF = YES;
				CLANG_WARN_OBJC_LITERAL_CONVERSION = YES;
				CLANG_WARN_OBJC_ROOT_CLASS = YES_ERROR;
				CLANG_WARN_RANGE_LOOP_ANALYSIS = YES;
				CLANG_WARN_STRICT_PROTOTYPES = YES;
				CLANG_WARN_SUSPICIOUS_MOVE = YES;
				CLANG_WARN_UNGUARDED_AVAILABILITY = YES_AGGRESSIVE;
				CLANG_WARN_UNREACHABLE_CODE = YES;
				CLANG_WARN__DUPLICATE_METHOD_MATCH = YES;
				CODE_SIGN_IDENTITY = "-";
				COPY_PHASE_STRIP = NO;
				DEBUG_INFORMATION_FORMAT = dwarf;
				ENABLE_STRICT_OBJC_MSGSEND = YES;
				ENABLE_TESTABILITY = YES;
				GCC_C_LANGUAGE_STANDARD = gnu11;
				GCC_DYNAMIC_NO_PIC = NO;
				GCC_NO_COMMON_BLOCKS = YES;
				GCC_OPTIMIZATION_LEVEL = 0;
				GCC_PREPROCESSOR_DEFINITIONS = (
					"DEBUG=1",
					"$(inherited)",
				);
				GCC_WARN_64_TO_32_BIT_CONVERSION = YES;
				GCC_WARN_ABOUT_RETURN_TYPE = YES_ERROR;
				GCC_WARN_UNDECLARED_SELECTOR = YES;
				GCC_WARN_UNINITIALIZED_AUTOS = YES_AGGRESSIVE;
				GCC_WARN_UNUSED_FUNCTION = YES;
				GCC_WARN_UNUSED_VARIABLE = YES;
				MACOSX_DEPLOYMENT_TARGET = 10.13;
				MTL_ENABLE_DEBUG_INFO = YES;
				ONLY_ACTIVE_ARCH = YES;
				SDKROOT = macosx;
			};
			name = Debug;
		};
		5ABD394D211894D1000BAF63 /* Release */ = {
			isa = XCBuildConfiguration;
			buildSettings = {
				ALWAYS_SEARCH_USER_PATHS = NO;
				CLANG_ANALYZER_NONNULL = YES;
				CLANG_ANALYZER_NUMBER_OBJECT_CONVERSION = YES_AGGRESSIVE;
				CLANG_CXX_LANGUAGE_STANDARD = "gnu++14";
				CLANG_CXX_LIBRARY = "libc++";
				CLANG_ENABLE_MODULES = YES;
				CLANG_ENABLE_OBJC_ARC = YES;
				CLANG_ENABLE_OBJC_WEAK = YES;
				CLANG_WARN_BLOCK_CAPTURE_AUTORELEASING = YES;
				CLANG_WARN_BOOL_CONVERSION = YES;
				CLANG_WARN_COMMA = YES;
				CLANG_WARN_CONSTANT_CONVERSION = YES;
				CLANG_WARN_DEPRECATED_OBJC_IMPLEMENTATIONS = YES;
				CLANG_WARN_DIRECT_OBJC_ISA_USAGE = YES_ERROR;
				CLANG_WARN_DOCUMENTATION_COMMENTS = YES;
				CLANG_WARN_EMPTY_BODY = YES;
				CLANG_WARN_ENUM_CONVERSION = YES;
				CLANG_WARN_INFINITE_RECURSION = YES;
				CLANG_WARN_INT_CONVERSION = YES;
				CLANG_WARN_NON_LITERAL_NULL_CONVERSION = YES;
				CLANG_WARN_OBJC_IMPLICIT_RETAIN_SELF = YES;
				CLANG_WARN_OBJC_LITERAL_CONVERSION = YES;
				CLANG_WARN_OBJC_ROOT_CLASS = YES_ERROR;
				CLANG_WARN_RANGE_LOOP_ANALYSIS = YES;
				CLANG_WARN_STRICT_PROTOTYPES = YES;
				CLANG_WARN_SUSPICIOUS_MOVE = YES;
				CLANG_WARN_UNGUARDED_AVAILABILITY = YES_AGGRESSIVE;
				CLANG_WARN_UNREACHABLE_CODE = YES;
				CLANG_WARN__DUPLICATE_METHOD_MATCH = YES;
				CODE_SIGN_IDENTITY = "-";
				COPY_PHASE_STRIP = NO;
				DEBUG_INFORMATION_FORMAT = "dwarf-with-dsym";
				ENABLE_NS_ASSERTIONS = NO;
				ENABLE_STRICT_OBJC_MSGSEND = YES;
				GCC_C_LANGUAGE_STANDARD = gnu11;
				GCC_NO_COMMON_BLOCKS = YES;
				GCC_WARN_64_TO_32_BIT_CONVERSION = YES;
				GCC_WARN_ABOUT_RETURN_TYPE = YES_ERROR;
				GCC_WARN_UNDECLARED_SELECTOR = YES;
				GCC_WARN_UNINITIALIZED_AUTOS = YES_AGGRESSIVE;
				GCC_WARN_UNUSED_FUNCTION = YES;
				GCC_WARN_UNUSED_VARIABLE = YES;
				MACOSX_DEPLOYMENT_TARGET = 10.13;
				MTL_ENABLE_DEBUG_INFO = NO;
				SDKROOT = macosx;
			};
			name = Release;
		};
		5ABD394F211894D1000BAF63 /* Debug */ = {
			isa = XCBuildConfiguration;
			buildSettings = {
				CODE_SIGN_STYLE = Automatic;
				PRODUCT_NAME = "$(TARGET_NAME)";
			};
			name = Debug;
		};
		5ABD3950211894D1000BAF63 /* Release */ = {
			isa = XCBuildConfiguration;
			buildSettings = {
				CODE_SIGN_STYLE = Automatic;
				PRODUCT_NAME = "$(TARGET_NAME)";
			};
			name = Release;
		};
/* End XCBuildConfiguration section */

/* Begin XCConfigurationList section */
		5ABD3942211894D1000BAF63 /* Build configuration list for PBXProject "ChlorineStableFluids" */ = {
			isa = XCConfigurationList;
			buildConfigurations = (
				5ABD394C211894D1000BAF63 /* Debug */,
				5ABD394D211894D1000BAF63 /* Release */,
			);
			defaultConfigurationIsVisible = 0;
			defaultConfigurationName = Release;
		};
		5ABD394E211894D1000BAF63 /* Build configuration list for PBXNativeTarget "ChlorineStableFluids" */ = {
			isa = XCConfigurationList;
			buildConfigurations = (
				5ABD394F211894D1000BAF63 /* Debug */,
				5ABD3950211894D1000BAF63 /* Release */,
			);
			defaultConfigurationIsVisible = 0;
			defaultConfigurationName = Release;
		};
/* End XCConfigurationList section */
	};
	rootObject = 5ABD393F211894D1000BAF63 /* Project object */;
}
