// !$*UTF8*$!
{
	archiveVersion = 1;
	classes = {
	};
	objectVersion = 50;
	objects = {

/* Begin PBXBuildFile section */
		5A2C11562133147600A7345D /* main.cpp in Sources */ = {isa = PBXBuildFile; fileRef = 5A2C11552133147600A7345D /* main.cpp */; };
		5A2C11662133148300A7345D /* vec2.hpp in Sources */ = {isa = PBXBuildFile; fileRef = 5A2C115C2133148200A7345D /* vec2.hpp */; };
		5A2C11672133148300A7345D /* vec3.cpp in Sources */ = {isa = PBXBuildFile; fileRef = 5A2C115D2133148200A7345D /* vec3.cpp */; };
		5A2C11682133148300A7345D /* vec3.hpp in Sources */ = {isa = PBXBuildFile; fileRef = 5A2C115E2133148200A7345D /* vec3.hpp */; };
		5A2C11692133148300A7345D /* complex.hpp in Sources */ = {isa = PBXBuildFile; fileRef = 5A2C115F2133148200A7345D /* complex.hpp */; };
		5A2C116A2133148300A7345D /* vec4.cpp in Sources */ = {isa = PBXBuildFile; fileRef = 5A2C11602133148200A7345D /* vec4.cpp */; };
		5A2C116B2133148300A7345D /* vec4.hpp in Sources */ = {isa = PBXBuildFile; fileRef = 5A2C11612133148200A7345D /* vec4.hpp */; };
		5A2C116C2133148300A7345D /* complex.cpp in Sources */ = {isa = PBXBuildFile; fileRef = 5A2C11622133148200A7345D /* complex.cpp */; };
		5A2C116D2133148300A7345D /* vec2.cpp in Sources */ = {isa = PBXBuildFile; fileRef = 5A2C11632133148200A7345D /* vec2.cpp */; };
		5A2C116E2133148300A7345D /* math.cpp in Sources */ = {isa = PBXBuildFile; fileRef = 5A2C11642133148300A7345D /* math.cpp */; };
		5A2C116F2133148300A7345D /* math.hpp in Sources */ = {isa = PBXBuildFile; fileRef = 5A2C11652133148300A7345D /* math.hpp */; };
		5A2C11722133148C00A7345D /* ppm_image.hpp in Sources */ = {isa = PBXBuildFile; fileRef = 5A2C11702133148C00A7345D /* ppm_image.hpp */; };
		5A2C11732133148C00A7345D /* ppm_image.cpp in Sources */ = {isa = PBXBuildFile; fileRef = 5A2C11712133148C00A7345D /* ppm_image.cpp */; };
		5A2C11762133153E00A7345D /* pt.cpp in Sources */ = {isa = PBXBuildFile; fileRef = 5A2C11742133153E00A7345D /* pt.cpp */; };
/* End PBXBuildFile section */

/* Begin PBXCopyFilesBuildPhase section */
		5A2C11502133147600A7345D /* CopyFiles */ = {
			isa = PBXCopyFilesBuildPhase;
			buildActionMask = 2147483647;
			dstPath = /usr/share/man/man1/;
			dstSubfolderSpec = 0;
			files = (
			);
			runOnlyForDeploymentPostprocessing = 1;
		};
/* End PBXCopyFilesBuildPhase section */

/* Begin PBXFileReference section */
		5A2C11522133147600A7345D /* Pathtracer */ = {isa = PBXFileReference; explicitFileType = "compiled.mach-o.executable"; includeInIndex = 0; path = Pathtracer; sourceTree = BUILT_PRODUCTS_DIR; };
		5A2C11552133147600A7345D /* main.cpp */ = {isa = PBXFileReference; lastKnownFileType = sourcecode.cpp.cpp; path = main.cpp; sourceTree = "<group>"; };
		5A2C115C2133148200A7345D /* vec2.hpp */ = {isa = PBXFileReference; lastKnownFileType = sourcecode.cpp.h; name = vec2.hpp; path = ../math/math/vec2.hpp; sourceTree = "<group>"; };
		5A2C115D2133148200A7345D /* vec3.cpp */ = {isa = PBXFileReference; lastKnownFileType = sourcecode.cpp.cpp; name = vec3.cpp; path = ../math/math/vec3.cpp; sourceTree = "<group>"; };
		5A2C115E2133148200A7345D /* vec3.hpp */ = {isa = PBXFileReference; lastKnownFileType = sourcecode.cpp.h; name = vec3.hpp; path = ../math/math/vec3.hpp; sourceTree = "<group>"; };
		5A2C115F2133148200A7345D /* complex.hpp */ = {isa = PBXFileReference; lastKnownFileType = sourcecode.cpp.h; name = complex.hpp; path = ../math/math/complex.hpp; sourceTree = "<group>"; };
		5A2C11602133148200A7345D /* vec4.cpp */ = {isa = PBXFileReference; lastKnownFileType = sourcecode.cpp.cpp; name = vec4.cpp; path = ../math/math/vec4.cpp; sourceTree = "<group>"; };
		5A2C11612133148200A7345D /* vec4.hpp */ = {isa = PBXFileReference; lastKnownFileType = sourcecode.cpp.h; name = vec4.hpp; path = ../math/math/vec4.hpp; sourceTree = "<group>"; };
		5A2C11622133148200A7345D /* complex.cpp */ = {isa = PBXFileReference; lastKnownFileType = sourcecode.cpp.cpp; name = complex.cpp; path = ../math/math/complex.cpp; sourceTree = "<group>"; };
		5A2C11632133148200A7345D /* vec2.cpp */ = {isa = PBXFileReference; lastKnownFileType = sourcecode.cpp.cpp; name = vec2.cpp; path = ../math/math/vec2.cpp; sourceTree = "<group>"; };
		5A2C11642133148300A7345D /* math.cpp */ = {isa = PBXFileReference; lastKnownFileType = sourcecode.cpp.cpp; name = math.cpp; path = ../math/math/math.cpp; sourceTree = "<group>"; };
		5A2C11652133148300A7345D /* math.hpp */ = {isa = PBXFileReference; lastKnownFileType = sourcecode.cpp.h; name = math.hpp; path = ../math/math/math.hpp; sourceTree = "<group>"; };
		5A2C11702133148C00A7345D /* ppm_image.hpp */ = {isa = PBXFileReference; lastKnownFileType = sourcecode.cpp.h; name = ppm_image.hpp; path = ../TestPPM/TestPPM/ppm_image.hpp; sourceTree = "<group>"; };
		5A2C11712133148C00A7345D /* ppm_image.cpp */ = {isa = PBXFileReference; lastKnownFileType = sourcecode.cpp.cpp; name = ppm_image.cpp; path = ../TestPPM/TestPPM/ppm_image.cpp; sourceTree = "<group>"; };
		5A2C11742133153E00A7345D /* pt.cpp */ = {isa = PBXFileReference; lastKnownFileType = sourcecode.cpp.cpp; path = pt.cpp; sourceTree = "<group>"; };
		5A2C11752133153E00A7345D /* pt.hpp */ = {isa = PBXFileReference; lastKnownFileType = sourcecode.cpp.h; path = pt.hpp; sourceTree = "<group>"; };
/* End PBXFileReference section */

/* Begin PBXFrameworksBuildPhase section */
		5A2C114F2133147600A7345D /* Frameworks */ = {
			isa = PBXFrameworksBuildPhase;
			buildActionMask = 2147483647;
			files = (
			);
			runOnlyForDeploymentPostprocessing = 0;
		};
/* End PBXFrameworksBuildPhase section */

/* Begin PBXGroup section */
		5A2C11492133147600A7345D = {
			isa = PBXGroup;
			children = (
				5A2C11712133148C00A7345D /* ppm_image.cpp */,
				5A2C11702133148C00A7345D /* ppm_image.hpp */,
				5A2C11622133148200A7345D /* complex.cpp */,
				5A2C115F2133148200A7345D /* complex.hpp */,
				5A2C11642133148300A7345D /* math.cpp */,
				5A2C11652133148300A7345D /* math.hpp */,
				5A2C11632133148200A7345D /* vec2.cpp */,
				5A2C115C2133148200A7345D /* vec2.hpp */,
				5A2C115D2133148200A7345D /* vec3.cpp */,
				5A2C115E2133148200A7345D /* vec3.hpp */,
				5A2C11602133148200A7345D /* vec4.cpp */,
				5A2C11612133148200A7345D /* vec4.hpp */,
				5A2C11542133147600A7345D /* Pathtracer */,
				5A2C11532133147600A7345D /* Products */,
			);
			sourceTree = "<group>";
		};
		5A2C11532133147600A7345D /* Products */ = {
			isa = PBXGroup;
			children = (
				5A2C11522133147600A7345D /* Pathtracer */,
			);
			name = Products;
			sourceTree = "<group>";
		};
		5A2C11542133147600A7345D /* Pathtracer */ = {
			isa = PBXGroup;
			children = (
				5A2C11552133147600A7345D /* main.cpp */,
				5A2C11742133153E00A7345D /* pt.cpp */,
				5A2C11752133153E00A7345D /* pt.hpp */,
			);
			path = Pathtracer;
			sourceTree = "<group>";
		};
/* End PBXGroup section */

/* Begin PBXNativeTarget section */
		5A2C11512133147600A7345D /* Pathtracer */ = {
			isa = PBXNativeTarget;
			buildConfigurationList = 5A2C11592133147600A7345D /* Build configuration list for PBXNativeTarget "Pathtracer" */;
			buildPhases = (
				5A2C114E2133147600A7345D /* Sources */,
				5A2C114F2133147600A7345D /* Frameworks */,
				5A2C11502133147600A7345D /* CopyFiles */,
			);
			buildRules = (
			);
			dependencies = (
			);
			name = Pathtracer;
			productName = Pathtracer;
			productReference = 5A2C11522133147600A7345D /* Pathtracer */;
			productType = "com.apple.product-type.tool";
		};
/* End PBXNativeTarget section */

/* Begin PBXProject section */
		5A2C114A2133147600A7345D /* Project object */ = {
			isa = PBXProject;
			attributes = {
				LastUpgradeCheck = 0930;
				ORGANIZATIONNAME = "Jack Armstrong";
				TargetAttributes = {
					5A2C11512133147600A7345D = {
						CreatedOnToolsVersion = 9.3;
					};
				};
			};
			buildConfigurationList = 5A2C114D2133147600A7345D /* Build configuration list for PBXProject "Pathtracer" */;
			compatibilityVersion = "Xcode 9.3";
			developmentRegion = en;
			hasScannedForEncodings = 0;
			knownRegions = (
				en,
			);
			mainGroup = 5A2C11492133147600A7345D;
			productRefGroup = 5A2C11532133147600A7345D /* Products */;
			projectDirPath = "";
			projectRoot = "";
			targets = (
				5A2C11512133147600A7345D /* Pathtracer */,
			);
		};
/* End PBXProject section */

/* Begin PBXSourcesBuildPhase section */
		5A2C114E2133147600A7345D /* Sources */ = {
			isa = PBXSourcesBuildPhase;
			buildActionMask = 2147483647;
			files = (
				5A2C11722133148C00A7345D /* ppm_image.hpp in Sources */,
				5A2C11732133148C00A7345D /* ppm_image.cpp in Sources */,
				5A2C11662133148300A7345D /* vec2.hpp in Sources */,
				5A2C11672133148300A7345D /* vec3.cpp in Sources */,
				5A2C11682133148300A7345D /* vec3.hpp in Sources */,
				5A2C11692133148300A7345D /* complex.hpp in Sources */,
				5A2C116A2133148300A7345D /* vec4.cpp in Sources */,
				5A2C116B2133148300A7345D /* vec4.hpp in Sources */,
				5A2C116C2133148300A7345D /* complex.cpp in Sources */,
				5A2C116D2133148300A7345D /* vec2.cpp in Sources */,
				5A2C116E2133148300A7345D /* math.cpp in Sources */,
				5A2C11762133153E00A7345D /* pt.cpp in Sources */,
				5A2C116F2133148300A7345D /* math.hpp in Sources */,
				5A2C11562133147600A7345D /* main.cpp in Sources */,
			);
			runOnlyForDeploymentPostprocessing = 0;
		};
/* End PBXSourcesBuildPhase section */

/* Begin XCBuildConfiguration section */
		5A2C11572133147600A7345D /* Debug */ = {
			isa = XCBuildConfiguration;
			buildSettings = {
				ALWAYS_SEARCH_USER_PATHS = NO;
				CLANG_ANALYZER_NONNULL = YES;
				CLANG_ANALYZER_NUMBER_OBJECT_CONVERSION = YES_AGGRESSIVE;
				CLANG_CXX_LANGUAGE_STANDARD = "gnu++14";
				CLANG_CXX_LIBRARY = "libc++";
				CLANG_ENABLE_MODULES = YES;
				CLANG_ENABLE_OBJC_ARC = YES;
				CLANG_ENABLE_OBJC_WEAK = YES;
				CLANG_WARN_BLOCK_CAPTURE_AUTORELEASING = YES;
				CLANG_WARN_BOOL_CONVERSION = YES;
				CLANG_WARN_COMMA = YES;
				CLANG_WARN_CONSTANT_CONVERSION = YES;
				CLANG_WARN_DEPRECATED_OBJC_IMPLEMENTATIONS = YES;
				CLANG_WARN_DIRECT_OBJC_ISA_USAGE = YES_ERROR;
				CLANG_WARN_DOCUMENTATION_COMMENTS = YES;
				CLANG_WARN_EMPTY_BODY = YES;
				CLANG_WARN_ENUM_CONVERSION = YES;
				CLANG_WARN_INFINITE_RECURSION = YES;
				CLANG_WARN_INT_CONVERSION = YES;
				CLANG_WARN_NON_LITERAL_NULL_CONVERSION = YES;
				CLANG_WARN_OBJC_IMPLICIT_RETAIN_SELF = YES;
				CLANG_WARN_OBJC_LITERAL_CONVERSION = YES;
				CLANG_WARN_OBJC_ROOT_CLASS = YES_ERROR;
				CLANG_WARN_RANGE_LOOP_ANALYSIS = YES;
				CLANG_WARN_STRICT_PROTOTYPES = YES;
				CLANG_WARN_SUSPICIOUS_MOVE = YES;
				CLANG_WARN_UNGUARDED_AVAILABILITY = YES_AGGRESSIVE;
				CLANG_WARN_UNREACHABLE_CODE = YES;
				CLANG_WARN__DUPLICATE_METHOD_MATCH = YES;
				CODE_SIGN_IDENTITY = "-";
				COPY_PHASE_STRIP = NO;
				DEBUG_INFORMATION_FORMAT = dwarf;
				ENABLE_STRICT_OBJC_MSGSEND = YES;
				ENABLE_TESTABILITY = YES;
				GCC_C_LANGUAGE_STANDARD = gnu11;
				GCC_DYNAMIC_NO_PIC = NO;
				GCC_NO_COMMON_BLOCKS = YES;
				GCC_OPTIMIZATION_LEVEL = 0;
				GCC_PREPROCESSOR_DEFINITIONS = (
					"DEBUG=1",
					"$(inherited)",
				);
				GCC_WARN_64_TO_32_BIT_CONVERSION = YES;
				GCC_WARN_ABOUT_RETURN_TYPE = YES_ERROR;
				GCC_WARN_UNDECLARED_SELECTOR = YES;
				GCC_WARN_UNINITIALIZED_AUTOS = YES_AGGRESSIVE;
				GCC_WARN_UNUSED_FUNCTION = YES;
				GCC_WARN_UNUSED_VARIABLE = YES;
				MACOSX_DEPLOYMENT_TARGET = 10.13;
				MTL_ENABLE_DEBUG_INFO = YES;
				ONLY_ACTIVE_ARCH = YES;
				SDKROOT = macosx;
			};
			name = Debug;
		};
		5A2C11582133147600A7345D /* Release */ = {
			isa = XCBuildConfiguration;
			buildSettings = {
				ALWAYS_SEARCH_USER_PATHS = NO;
				CLANG_ANALYZER_NONNULL = YES;
				CLANG_ANALYZER_NUMBER_OBJECT_CONVERSION = YES_AGGRESSIVE;
				CLANG_CXX_LANGUAGE_STANDARD = "gnu++14";
				CLANG_CXX_LIBRARY = "libc++";
				CLANG_ENABLE_MODULES = YES;
				CLANG_ENABLE_OBJC_ARC = YES;
				CLANG_ENABLE_OBJC_WEAK = YES;
				CLANG_WARN_BLOCK_CAPTURE_AUTORELEASING = YES;
				CLANG_WARN_BOOL_CONVERSION = YES;
				CLANG_WARN_COMMA = YES;
				CLANG_WARN_CONSTANT_CONVERSION = YES;
				CLANG_WARN_DEPRECATED_OBJC_IMPLEMENTATIONS = YES;
				CLANG_WARN_DIRECT_OBJC_ISA_USAGE = YES_ERROR;
				CLANG_WARN_DOCUMENTATION_COMMENTS = YES;
				CLANG_WARN_EMPTY_BODY = YES;
				CLANG_WARN_ENUM_CONVERSION = YES;
				CLANG_WARN_INFINITE_RECURSION = YES;
				CLANG_WARN_INT_CONVERSION = YES;
				CLANG_WARN_NON_LITERAL_NULL_CONVERSION = YES;
				CLANG_WARN_OBJC_IMPLICIT_RETAIN_SELF = YES;
				CLANG_WARN_OBJC_LITERAL_CONVERSION = YES;
				CLANG_WARN_OBJC_ROOT_CLASS = YES_ERROR;
				CLANG_WARN_RANGE_LOOP_ANALYSIS = YES;
				CLANG_WARN_STRICT_PROTOTYPES = YES;
				CLANG_WARN_SUSPICIOUS_MOVE = YES;
				CLANG_WARN_UNGUARDED_AVAILABILITY = YES_AGGRESSIVE;
				CLANG_WARN_UNREACHABLE_CODE = YES;
				CLANG_WARN__DUPLICATE_METHOD_MATCH = YES;
				CODE_SIGN_IDENTITY = "-";
				COPY_PHASE_STRIP = NO;
				DEBUG_INFORMATION_FORMAT = "dwarf-with-dsym";
				ENABLE_NS_ASSERTIONS = NO;
				ENABLE_STRICT_OBJC_MSGSEND = YES;
				GCC_C_LANGUAGE_STANDARD = gnu11;
				GCC_NO_COMMON_BLOCKS = YES;
				GCC_WARN_64_TO_32_BIT_CONVERSION = YES;
				GCC_WARN_ABOUT_RETURN_TYPE = YES_ERROR;
				GCC_WARN_UNDECLARED_SELECTOR = YES;
				GCC_WARN_UNINITIALIZED_AUTOS = YES_AGGRESSIVE;
				GCC_WARN_UNUSED_FUNCTION = YES;
				GCC_WARN_UNUSED_VARIABLE = YES;
				MACOSX_DEPLOYMENT_TARGET = 10.13;
				MTL_ENABLE_DEBUG_INFO = NO;
				SDKROOT = macosx;
			};
			name = Release;
		};
		5A2C115A2133147600A7345D /* Debug */ = {
			isa = XCBuildConfiguration;
			buildSettings = {
				CODE_SIGN_STYLE = Automatic;
				PRODUCT_NAME = "$(TARGET_NAME)";
			};
			name = Debug;
		};
		5A2C115B2133147600A7345D /* Release */ = {
			isa = XCBuildConfiguration;
			buildSettings = {
				CODE_SIGN_STYLE = Automatic;
				PRODUCT_NAME = "$(TARGET_NAME)";
			};
			name = Release;
		};
/* End XCBuildConfiguration section */

/* Begin XCConfigurationList section */
		5A2C114D2133147600A7345D /* Build configuration list for PBXProject "Pathtracer" */ = {
			isa = XCConfigurationList;
			buildConfigurations = (
				5A2C11572133147600A7345D /* Debug */,
				5A2C11582133147600A7345D /* Release */,
			);
			defaultConfigurationIsVisible = 0;
			defaultConfigurationName = Release;
		};
		5A2C11592133147600A7345D /* Build configuration list for PBXNativeTarget "Pathtracer" */ = {
			isa = XCConfigurationList;
			buildConfigurations = (
				5A2C115A2133147600A7345D /* Debug */,
				5A2C115B2133147600A7345D /* Release */,
			);
			defaultConfigurationIsVisible = 0;
			defaultConfigurationName = Release;
		};
/* End XCConfigurationList section */
	};
	rootObject = 5A2C114A2133147600A7345D /* Project object */;
}
