// !$*UTF8*$!
{
	archiveVersion = 1;
	classes = {
	};
	objectVersion = 50;
	objects = {

/* Begin PBXBuildFile section */
		5ABF78C120D1A0BA00C9E778 /* main.cpp in Sources */ = {isa = PBXBuildFile; fileRef = 5ABF78C020D1A0BA00C9E778 /* main.cpp */; };
		5ABF78C920D1A0C300C9E778 /* CoreVideo.framework in Frameworks */ = {isa = PBXBuildFile; fileRef = 5ABF78C820D1A0C300C9E778 /* CoreVideo.framework */; };
		5ABF78CB20D1A0C700C9E778 /* IOKit.framework in Frameworks */ = {isa = PBXBuildFile; fileRef = 5ABF78CA20D1A0C700C9E778 /* IOKit.framework */; };
		5ABF78CD20D1A0D900C9E778 /* Cocoa.framework in Frameworks */ = {isa = PBXBuildFile; fileRef = 5ABF78CC20D1A0D900C9E778 /* Cocoa.framework */; };
		5ABF78CF20D1A0DE00C9E778 /* OpenGL.framework in Frameworks */ = {isa = PBXBuildFile; fileRef = 5ABF78CE20D1A0DE00C9E778 /* OpenGL.framework */; };
		5ABF78D120D1A0F000C9E778 /* libglfw.3.2.dylib in Frameworks */ = {isa = PBXBuildFile; fileRef = 5ABF78D020D1A0F000C9E778 /* libglfw.3.2.dylib */; };
/* End PBXBuildFile section */

/* Begin PBXCopyFilesBuildPhase section */
		5ABF78BB20D1A0BA00C9E778 /* CopyFiles */ = {
			isa = PBXCopyFilesBuildPhase;
			buildActionMask = 2147483647;
			dstPath = /usr/share/man/man1/;
			dstSubfolderSpec = 0;
			files = (
			);
			runOnlyForDeploymentPostprocessing = 1;
		};
/* End PBXCopyFilesBuildPhase section */

/* Begin PBXFileReference section */
		5ABF78BD20D1A0BA00C9E778 /* GLFWHeightFieldWaterSim */ = {isa = PBXFileReference; explicitFileType = "compiled.mach-o.executable"; includeInIndex = 0; path = GLFWHeightFieldWaterSim; sourceTree = BUILT_PRODUCTS_DIR; };
		5ABF78C020D1A0BA00C9E778 /* main.cpp */ = {isa = PBXFileReference; lastKnownFileType = sourcecode.cpp.cpp; path = main.cpp; sourceTree = "<group>"; };
		5ABF78C820D1A0C300C9E778 /* CoreVideo.framework */ = {isa = PBXFileReference; lastKnownFileType = wrapper.framework; name = CoreVideo.framework; path = System/Library/Frameworks/CoreVideo.framework; sourceTree = SDKROOT; };
		5ABF78CA20D1A0C700C9E778 /* IOKit.framework */ = {isa = PBXFileReference; lastKnownFileType = wrapper.framework; name = IOKit.framework; path = System/Library/Frameworks/IOKit.framework; sourceTree = SDKROOT; };
		5ABF78CC20D1A0D900C9E778 /* Cocoa.framework */ = {isa = PBXFileReference; lastKnownFileType = wrapper.framework; name = Cocoa.framework; path = System/Library/Frameworks/Cocoa.framework; sourceTree = SDKROOT; };
		5ABF78CE20D1A0DE00C9E778 /* OpenGL.framework */ = {isa = PBXFileReference; lastKnownFileType = wrapper.framework; name = OpenGL.framework; path = System/Library/Frameworks/OpenGL.framework; sourceTree = SDKROOT; };
		5ABF78D020D1A0F000C9E778 /* libglfw.3.2.dylib */ = {isa = PBXFileReference; lastKnownFileType = "compiled.mach-o.dylib"; name = libglfw.3.2.dylib; path = ../../../../../usr/local/lib/libglfw.3.2.dylib; sourceTree = "<group>"; };
		5ABF78D320D1A26C00C9E778 /* VertexBuffer.hpp */ = {isa = PBXFileReference; lastKnownFileType = sourcecode.cpp.h; path = VertexBuffer.hpp; sourceTree = "<group>"; };
/* End PBXFileReference section */

/* Begin PBXFrameworksBuildPhase section */
		5ABF78BA20D1A0BA00C9E778 /* Frameworks */ = {
			isa = PBXFrameworksBuildPhase;
			buildActionMask = 2147483647;
			files = (
				5ABF78CB20D1A0C700C9E778 /* IOKit.framework in Frameworks */,
				5ABF78C920D1A0C300C9E778 /* CoreVideo.framework in Frameworks */,
				5ABF78CD20D1A0D900C9E778 /* Cocoa.framework in Frameworks */,
				5ABF78D120D1A0F000C9E778 /* libglfw.3.2.dylib in Frameworks */,
				5ABF78CF20D1A0DE00C9E778 /* OpenGL.framework in Frameworks */,
			);
			runOnlyForDeploymentPostprocessing = 0;
		};
/* End PBXFrameworksBuildPhase section */

/* Begin PBXGroup section */
		5ABF78B420D1A0BA00C9E778 = {
			isa = PBXGroup;
			children = (
				5ABF78BF20D1A0BA00C9E778 /* GLFWHeightFieldWaterSim */,
				5ABF78BE20D1A0BA00C9E778 /* Products */,
				5ABF78C720D1A0C300C9E778 /* Frameworks */,
			);
			sourceTree = "<group>";
		};
		5ABF78BE20D1A0BA00C9E778 /* Products */ = {
			isa = PBXGroup;
			children = (
				5ABF78BD20D1A0BA00C9E778 /* GLFWHeightFieldWaterSim */,
			);
			name = Products;
			sourceTree = "<group>";
		};
		5ABF78BF20D1A0BA00C9E778 /* GLFWHeightFieldWaterSim */ = {
			isa = PBXGroup;
			children = (
				5ABF78C020D1A0BA00C9E778 /* main.cpp */,
				5ABF78D320D1A26C00C9E778 /* VertexBuffer.hpp */,
			);
			path = GLFWHeightFieldWaterSim;
			sourceTree = "<group>";
		};
		5ABF78C720D1A0C300C9E778 /* Frameworks */ = {
			isa = PBXGroup;
			children = (
				5ABF78D020D1A0F000C9E778 /* libglfw.3.2.dylib */,
				5ABF78CE20D1A0DE00C9E778 /* OpenGL.framework */,
				5ABF78CC20D1A0D900C9E778 /* Cocoa.framework */,
				5ABF78CA20D1A0C700C9E778 /* IOKit.framework */,
				5ABF78C820D1A0C300C9E778 /* CoreVideo.framework */,
			);
			name = Frameworks;
			sourceTree = "<group>";
		};
/* End PBXGroup section */

/* Begin PBXNativeTarget section */
		5ABF78BC20D1A0BA00C9E778 /* GLFWHeightFieldWaterSim */ = {
			isa = PBXNativeTarget;
			buildConfigurationList = 5ABF78C420D1A0BA00C9E778 /* Build configuration list for PBXNativeTarget "GLFWHeightFieldWaterSim" */;
			buildPhases = (
				5ABF78B920D1A0BA00C9E778 /* Sources */,
				5ABF78BA20D1A0BA00C9E778 /* Frameworks */,
				5ABF78BB20D1A0BA00C9E778 /* CopyFiles */,
			);
			buildRules = (
			);
			dependencies = (
			);
			name = GLFWHeightFieldWaterSim;
			productName = GLFWHeightFieldWaterSim;
			productReference = 5ABF78BD20D1A0BA00C9E778 /* GLFWHeightFieldWaterSim */;
			productType = "com.apple.product-type.tool";
		};
/* End PBXNativeTarget section */

/* Begin PBXProject section */
		5ABF78B520D1A0BA00C9E778 /* Project object */ = {
			isa = PBXProject;
			attributes = {
				LastUpgradeCheck = 0930;
				ORGANIZATIONNAME = "Jack Armstrong";
				TargetAttributes = {
					5ABF78BC20D1A0BA00C9E778 = {
						CreatedOnToolsVersion = 9.3;
					};
				};
			};
			buildConfigurationList = 5ABF78B820D1A0BA00C9E778 /* Build configuration list for PBXProject "GLFWHeightFieldWaterSim" */;
			compatibilityVersion = "Xcode 9.3";
			developmentRegion = en;
			hasScannedForEncodings = 0;
			knownRegions = (
				en,
			);
			mainGroup = 5ABF78B420D1A0BA00C9E778;
			productRefGroup = 5ABF78BE20D1A0BA00C9E778 /* Products */;
			projectDirPath = "";
			projectRoot = "";
			targets = (
				5ABF78BC20D1A0BA00C9E778 /* GLFWHeightFieldWaterSim */,
			);
		};
/* End PBXProject section */

/* Begin PBXSourcesBuildPhase section */
		5ABF78B920D1A0BA00C9E778 /* Sources */ = {
			isa = PBXSourcesBuildPhase;
			buildActionMask = 2147483647;
			files = (
				5ABF78C120D1A0BA00C9E778 /* main.cpp in Sources */,
			);
			runOnlyForDeploymentPostprocessing = 0;
		};
/* End PBXSourcesBuildPhase section */

/* Begin XCBuildConfiguration section */
		5ABF78C220D1A0BA00C9E778 /* Debug */ = {
			isa = XCBuildConfiguration;
			buildSettings = {
				ALWAYS_SEARCH_USER_PATHS = NO;
				CLANG_ANALYZER_NONNULL = YES;
				CLANG_ANALYZER_NUMBER_OBJECT_CONVERSION = YES_AGGRESSIVE;
				CLANG_CXX_LANGUAGE_STANDARD = "gnu++14";
				CLANG_CXX_LIBRARY = "libc++";
				CLANG_ENABLE_MODULES = YES;
				CLANG_ENABLE_OBJC_ARC = YES;
				CLANG_ENABLE_OBJC_WEAK = YES;
				CLANG_WARN_BLOCK_CAPTURE_AUTORELEASING = YES;
				CLANG_WARN_BOOL_CONVERSION = YES;
				CLANG_WARN_COMMA = YES;
				CLANG_WARN_CONSTANT_CONVERSION = YES;
				CLANG_WARN_DEPRECATED_OBJC_IMPLEMENTATIONS = YES;
				CLANG_WARN_DIRECT_OBJC_ISA_USAGE = YES_ERROR;
				CLANG_WARN_DOCUMENTATION_COMMENTS = YES;
				CLANG_WARN_EMPTY_BODY = YES;
				CLANG_WARN_ENUM_CONVERSION = YES;
				CLANG_WARN_INFINITE_RECURSION = YES;
				CLANG_WARN_INT_CONVERSION = YES;
				CLANG_WARN_NON_LITERAL_NULL_CONVERSION = YES;
				CLANG_WARN_OBJC_IMPLICIT_RETAIN_SELF = YES;
				CLANG_WARN_OBJC_LITERAL_CONVERSION = YES;
				CLANG_WARN_OBJC_ROOT_CLASS = YES_ERROR;
				CLANG_WARN_RANGE_LOOP_ANALYSIS = YES;
				CLANG_WARN_STRICT_PROTOTYPES = YES;
				CLANG_WARN_SUSPICIOUS_MOVE = YES;
				CLANG_WARN_UNGUARDED_AVAILABILITY = YES_AGGRESSIVE;
				CLANG_WARN_UNREACHABLE_CODE = YES;
				CLANG_WARN__DUPLICATE_METHOD_MATCH = YES;
				CODE_SIGN_IDENTITY = "-";
				COPY_PHASE_STRIP = NO;
				DEBUG_INFORMATION_FORMAT = dwarf;
				ENABLE_STRICT_OBJC_MSGSEND = YES;
				ENABLE_TESTABILITY = YES;
				GCC_C_LANGUAGE_STANDARD = gnu11;
				GCC_DYNAMIC_NO_PIC = NO;
				GCC_NO_COMMON_BLOCKS = YES;
				GCC_OPTIMIZATION_LEVEL = 0;
				GCC_PREPROCESSOR_DEFINITIONS = (
					"DEBUG=1",
					"$(inherited)",
				);
				GCC_WARN_64_TO_32_BIT_CONVERSION = YES;
				GCC_WARN_ABOUT_RETURN_TYPE = YES_ERROR;
				GCC_WARN_UNDECLARED_SELECTOR = YES;
				GCC_WARN_UNINITIALIZED_AUTOS = YES_AGGRESSIVE;
				GCC_WARN_UNUSED_FUNCTION = YES;
				GCC_WARN_UNUSED_VARIABLE = YES;
				MACOSX_DEPLOYMENT_TARGET = 10.13;
				MTL_ENABLE_DEBUG_INFO = YES;
				ONLY_ACTIVE_ARCH = YES;
				SDKROOT = macosx;
			};
			name = Debug;
		};
		5ABF78C320D1A0BA00C9E778 /* Release */ = {
			isa = XCBuildConfiguration;
			buildSettings = {
				ALWAYS_SEARCH_USER_PATHS = NO;
				CLANG_ANALYZER_NONNULL = YES;
				CLANG_ANALYZER_NUMBER_OBJECT_CONVERSION = YES_AGGRESSIVE;
				CLANG_CXX_LANGUAGE_STANDARD = "gnu++14";
				CLANG_CXX_LIBRARY = "libc++";
				CLANG_ENABLE_MODULES = YES;
				CLANG_ENABLE_OBJC_ARC = YES;
				CLANG_ENABLE_OBJC_WEAK = YES;
				CLANG_WARN_BLOCK_CAPTURE_AUTORELEASING = YES;
				CLANG_WARN_BOOL_CONVERSION = YES;
				CLANG_WARN_COMMA = YES;
				CLANG_WARN_CONSTANT_CONVERSION = YES;
				CLANG_WARN_DEPRECATED_OBJC_IMPLEMENTATIONS = YES;
				CLANG_WARN_DIRECT_OBJC_ISA_USAGE = YES_ERROR;
				CLANG_WARN_DOCUMENTATION_COMMENTS = YES;
				CLANG_WARN_EMPTY_BODY = YES;
				CLANG_WARN_ENUM_CONVERSION = YES;
				CLANG_WARN_INFINITE_RECURSION = YES;
				CLANG_WARN_INT_CONVERSION = YES;
				CLANG_WARN_NON_LITERAL_NULL_CONVERSION = YES;
				CLANG_WARN_OBJC_IMPLICIT_RETAIN_SELF = YES;
				CLANG_WARN_OBJC_LITERAL_CONVERSION = YES;
				CLANG_WARN_OBJC_ROOT_CLASS = YES_ERROR;
				CLANG_WARN_RANGE_LOOP_ANALYSIS = YES;
				CLANG_WARN_STRICT_PROTOTYPES = YES;
				CLANG_WARN_SUSPICIOUS_MOVE = YES;
				CLANG_WARN_UNGUARDED_AVAILABILITY = YES_AGGRESSIVE;
				CLANG_WARN_UNREACHABLE_CODE = YES;
				CLANG_WARN__DUPLICATE_METHOD_MATCH = YES;
				CODE_SIGN_IDENTITY = "-";
				COPY_PHASE_STRIP = NO;
				DEBUG_INFORMATION_FORMAT = "dwarf-with-dsym";
				ENABLE_NS_ASSERTIONS = NO;
				ENABLE_STRICT_OBJC_MSGSEND = YES;
				GCC_C_LANGUAGE_STANDARD = gnu11;
				GCC_NO_COMMON_BLOCKS = YES;
				GCC_WARN_64_TO_32_BIT_CONVERSION = YES;
				GCC_WARN_ABOUT_RETURN_TYPE = YES_ERROR;
				GCC_WARN_UNDECLARED_SELECTOR = YES;
				GCC_WARN_UNINITIALIZED_AUTOS = YES_AGGRESSIVE;
				GCC_WARN_UNUSED_FUNCTION = YES;
				GCC_WARN_UNUSED_VARIABLE = YES;
				MACOSX_DEPLOYMENT_TARGET = 10.13;
				MTL_ENABLE_DEBUG_INFO = NO;
				SDKROOT = macosx;
			};
			name = Release;
		};
		5ABF78C520D1A0BA00C9E778 /* Debug */ = {
			isa = XCBuildConfiguration;
			buildSettings = {
				CODE_SIGN_STYLE = Automatic;
				HEADER_SEARCH_PATHS = (
					"/usr/local/Cellar/glm/0.9.8.5/include/**",
					"/usr/local/Cellar/glfw/3.2.1/include/**",
				);
				LIBRARY_SEARCH_PATHS = "/usr/local/Cellar/glfw/3.2.1/lib/**";
				PRODUCT_NAME = "$(TARGET_NAME)";
			};
			name = Debug;
		};
		5ABF78C620D1A0BA00C9E778 /* Release */ = {
			isa = XCBuildConfiguration;
			buildSettings = {
				CODE_SIGN_STYLE = Automatic;
				HEADER_SEARCH_PATHS = (
					"/usr/local/Cellar/glm/0.9.8.5/include/**",
					"/usr/local/Cellar/glfw/3.2.1/include/**",
				);
				LIBRARY_SEARCH_PATHS = "/usr/local/Cellar/glfw/3.2.1/lib/**";
				PRODUCT_NAME = "$(TARGET_NAME)";
			};
			name = Release;
		};
/* End XCBuildConfiguration section */

/* Begin XCConfigurationList section */
		5ABF78B820D1A0BA00C9E778 /* Build configuration list for PBXProject "GLFWHeightFieldWaterSim" */ = {
			isa = XCConfigurationList;
			buildConfigurations = (
				5ABF78C220D1A0BA00C9E778 /* Debug */,
				5ABF78C320D1A0BA00C9E778 /* Release */,
			);
			defaultConfigurationIsVisible = 0;
			defaultConfigurationName = Release;
		};
		5ABF78C420D1A0BA00C9E778 /* Build configuration list for PBXNativeTarget "GLFWHeightFieldWaterSim" */ = {
			isa = XCConfigurationList;
			buildConfigurations = (
				5ABF78C520D1A0BA00C9E778 /* Debug */,
				5ABF78C620D1A0BA00C9E778 /* Release */,
			);
			defaultConfigurationIsVisible = 0;
			defaultConfigurationName = Release;
		};
/* End XCConfigurationList section */
	};
	rootObject = 5ABF78B520D1A0BA00C9E778 /* Project object */;
}
